
Microsoft Visual Studio Solution File, Format Version 12.00
# Visual Studio 14
VisualStudioVersion = 14.0.25420.1
MinimumVisualStudioVersion = 10.0.40219.1
Project("{FAE04EC0-301F-11D3-BF4B-00C04F79EFBC}") = "SystemRezerwacji", "SystemRezerwacji\SystemRezerwacji.csproj", "{DE5C734E-F3B7-4622-8CC5-D25CC6BCCF44}"
EndProject
Project("{FAE04EC0-301F-11D3-BF4B-00C04F79EFBC}") = "SystemRezerwacji.Tests", "SystemRezerwacji.Tests\SystemRezerwacji.Tests.csproj", "{95640B74-0197-4873-AA42-97258A2D51D3}"
EndProject
Global
	GlobalSection(SolutionConfigurationPlatforms) = preSolution
		Debug|Any CPU = Debug|Any CPU
		Release|Any CPU = Release|Any CPU
	EndGlobalSection
	GlobalSection(ProjectConfigurationPlatforms) = postSolution
		{DE5C734E-F3B7-4622-8CC5-D25CC6BCCF44}.Debug|Any CPU.ActiveCfg = Debug|Any CPU
		{DE5C734E-F3B7-4622-8CC5-D25CC6BCCF44}.Debug|Any CPU.Build.0 = Debug|Any CPU
		{DE5C734E-F3B7-4622-8CC5-D25CC6BCCF44}.Release|Any CPU.ActiveCfg = Release|Any CPU
		{DE5C734E-F3B7-4622-8CC5-D25CC6BCCF44}.Release|Any CPU.Build.0 = Release|Any CPU
		{95640B74-0197-4873-AA42-97258A2D51D3}.Debug|Any CPU.ActiveCfg = Debug|Any CPU
		{95640B74-0197-4873-AA42-97258A2D51D3}.Debug|Any CPU.Build.0 = Debug|Any CPU
		{95640B74-0197-4873-AA42-97258A2D51D3}.Release|Any CPU.ActiveCfg = Release|Any CPU
		{95640B74-0197-4873-AA42-97258A2D51D3}.Release|Any CPU.Build.0 = Release|Any CPU
	EndGlobalSection
	GlobalSection(SolutionProperties) = preSolution
		HideSolutionNode = FALSE
	EndGlobalSection
EndGlobal
